
Microsoft Visual Studio Solution File, Format Version 12.00
# Visual Studio 15
Project("{FAE04EC0-301F-11D3-BF4B-00C04F79EFBC}") = "Assembly-CSharp-Editor", "Assembly-CSharp-Editor.csproj", "{1B20C9DF-133C-DD6F-4426-2C58AC953D51}"
EndProject
Project("{FAE04EC0-301F-11D3-BF4B-00C04F79EFBC}") = "Unity.StarterAssets.Editor", "Unity.StarterAssets.Editor.csproj", "{7057AC20-A70D-45B9-5B82-A8D7C62129F7}"
EndProject
Project("{FAE04EC0-301F-11D3-BF4B-00C04F79EFBC}") = "Unity.StarterAssets", "Unity.StarterAssets.csproj", "{117C25CC-71FC-E93B-DE2B-3E2E962855A2}"
EndProject
Project("{FAE04EC0-301F-11D3-BF4B-00C04F79EFBC}") = "Assembly-CSharp", "Assembly-CSharp.csproj", "{6147DBEC-2897-C85B-9B6F-06DE9ACC5660}"
EndProject
Project("{FAE04EC0-301F-11D3-BF4B-00C04F79EFBC}") = "URPWizard", "URPWizard.csproj", "{873B6413-8FC7-5A30-F863-262356CFA74B}"
EndProject
Global
	GlobalSection(SolutionConfigurationPlatforms) = preSolution
		Debug|Any CPU = Debug|Any CPU
		Release|Any CPU = Release|Any CPU
	EndGlobalSection
	GlobalSection(ProjectConfigurationPlatforms) = postSolution
		{1B20C9DF-133C-DD6F-4426-2C58AC953D51}.Debug|Any CPU.ActiveCfg = Debug|Any CPU
		{1B20C9DF-133C-DD6F-4426-2C58AC953D51}.Debug|Any CPU.Build.0 = Debug|Any CPU
		{1B20C9DF-133C-DD6F-4426-2C58AC953D51}.Release|Any CPU.ActiveCfg = Release|Any CPU
		{1B20C9DF-133C-DD6F-4426-2C58AC953D51}.Release|Any CPU.Build.0 = Release|Any CPU
		{7057AC20-A70D-45B9-5B82-A8D7C62129F7}.Debug|Any CPU.ActiveCfg = Debug|Any CPU
		{7057AC20-A70D-45B9-5B82-A8D7C62129F7}.Debug|Any CPU.Build.0 = Debug|Any CPU
		{7057AC20-A70D-45B9-5B82-A8D7C62129F7}.Release|Any CPU.ActiveCfg = Release|Any CPU
		{7057AC20-A70D-45B9-5B82-A8D7C62129F7}.Release|Any CPU.Build.0 = Release|Any CPU
		{117C25CC-71FC-E93B-DE2B-3E2E962855A2}.Debug|Any CPU.ActiveCfg = Debug|Any CPU
		{117C25CC-71FC-E93B-DE2B-3E2E962855A2}.Debug|Any CPU.Build.0 = Debug|Any CPU
		{117C25CC-71FC-E93B-DE2B-3E2E962855A2}.Release|Any CPU.ActiveCfg = Release|Any CPU
		{117C25CC-71FC-E93B-DE2B-3E2E962855A2}.Release|Any CPU.Build.0 = Release|Any CPU
		{6147DBEC-2897-C85B-9B6F-06DE9ACC5660}.Debug|Any CPU.ActiveCfg = Debug|Any CPU
		{6147DBEC-2897-C85B-9B6F-06DE9ACC5660}.Debug|Any CPU.Build.0 = Debug|Any CPU
		{6147DBEC-2897-C85B-9B6F-06DE9ACC5660}.Release|Any CPU.ActiveCfg = Release|Any CPU
		{6147DBEC-2897-C85B-9B6F-06DE9ACC5660}.Release|Any CPU.Build.0 = Release|Any CPU
		{873B6413-8FC7-5A30-F863-262356CFA74B}.Debug|Any CPU.ActiveCfg = Debug|Any CPU
		{873B6413-8FC7-5A30-F863-262356CFA74B}.Debug|Any CPU.Build.0 = Debug|Any CPU
		{873B6413-8FC7-5A30-F863-262356CFA74B}.Release|Any CPU.ActiveCfg = Release|Any CPU
		{873B6413-8FC7-5A30-F863-262356CFA74B}.Release|Any CPU.Build.0 = Release|Any CPU
	EndGlobalSection
	GlobalSection(SolutionProperties) = preSolution
		HideSolutionNode = FALSE
	EndGlobalSection
EndGlobal
